# This file is automatically @generated by Cargo.
# It is not intended for manual editing.
version = 3

[[package]]
name = "approx"
version = "0.4.0"
source = "registry+https://github.com/rust-lang/crates.io-index"
checksum = "3f2a05fd1bd10b2527e20a2cd32d8873d115b8b39fe219ee25f42a8aca6ba278"
dependencies = [
 "num-traits",
]

[[package]]
name = "arrayvec"
version = "0.7.2"
source = "registry+https://github.com/rust-lang/crates.io-index"
checksum = "8da52d66c7071e2e3fa2a1e5c6d088fec47b593032b254f5e980de8ea54454d6"

[[package]]
name = "autocfg"
version = "1.0.1"
source = "registry+https://github.com/rust-lang/crates.io-index"
checksum = "cdb031dd78e28731d87d56cc8ffef4a8f36ca26c38fe2de700543e627f8a464a"

[[package]]
name = "az"
version = "1.2.0"
source = "registry+https://github.com/rust-lang/crates.io-index"
checksum = "f771a5d1f5503f7f4279a30f3643d3421ba149848b89ecaaec0ea2acf04a5ac4"

[[package]]
name = "bit_field"
version = "0.10.1"
source = "registry+https://github.com/rust-lang/crates.io-index"
checksum = "dcb6dd1c2376d2e096796e234a70e17e94cc2d5d54ff8ce42b28cef1d0d359a4"

[[package]]
name = "bitflags"
version = "1.3.2"
source = "registry+https://github.com/rust-lang/crates.io-index"
checksum = "bef38d45163c2f1dde094a7dfd33ccf595c92905c8f8f4fdc18d06fb1037718a"

[[package]]
name = "boot"
version = "0.1.0"
dependencies = [
 "arrayvec",
 "boot_lib",
 "elf_rs",
 "goblin",
 "log",
 "uart_16550",
 "uefi",
 "uefi-services",
 "x86_64",
]

[[package]]
name = "boot_lib"
version = "0.1.0"
dependencies = [
 "arrayvec",
 "uefi",
]

[[package]]
name = "byteorder"
version = "1.4.3"
source = "registry+https://github.com/rust-lang/crates.io-index"
checksum = "14c189c53d098945499cdfa7ecc63567cf3886b3332b312a5b4585d8d3a6a610"

[[package]]
name = "cc"
version = "1.0.72"
source = "registry+https://github.com/rust-lang/crates.io-index"
checksum = "22a9137b95ea06864e018375b72adfb7db6e6f68cfc8df5a04d00288050485ee"
dependencies = [
 "jobserver",
]

[[package]]
name = "cfg-if"
version = "1.0.0"
source = "registry+https://github.com/rust-lang/crates.io-index"
checksum = "baf1de4339761588bc0619e3cbc0120ee582ebb74b53b4efbf79117bd2da40fd"

[[package]]
name = "conquer-once"
version = "0.3.2"
source = "registry+https://github.com/rust-lang/crates.io-index"
checksum = "7c6d3a9775a69f6d1fe2cc888999b67ed30257d3da4d2af91984e722f2ec918a"
dependencies = [
 "conquer-util",
]

[[package]]
name = "conquer-util"
version = "0.3.0"
source = "registry+https://github.com/rust-lang/crates.io-index"
checksum = "e763eef8846b13b380f37dfecda401770b0ca4e56e95170237bd7c25c7db3582"

[[package]]
name = "crossbeam-queue"
version = "0.3.4"
source = "registry+https://github.com/rust-lang/crates.io-index"
checksum = "4dd435b205a4842da59efd07628f921c096bc1cc0a156835b4fa0bcb9a19bcce"
dependencies = [
 "cfg-if",
 "crossbeam-utils",
]

[[package]]
name = "crossbeam-utils"
version = "0.8.7"
source = "registry+https://github.com/rust-lang/crates.io-index"
checksum = "b5e5bed1f1c269533fa816a0a5492b3545209a205ca1a54842be180eb63a16a6"
dependencies = [
 "cfg-if",
]

[[package]]
name = "cstr_core"
version = "0.2.5"
source = "registry+https://github.com/rust-lang/crates.io-index"
checksum = "644828c273c063ab0d39486ba42a5d1f3a499d35529c759e763a9c6cb8a0fb08"
dependencies = [
 "cty",
 "memchr",
]

[[package]]
name = "cty"
version = "0.2.2"
source = "registry+https://github.com/rust-lang/crates.io-index"
checksum = "b365fabc795046672053e29c954733ec3b05e4be654ab130fe8f1f94d7051f35"

[[package]]
name = "either"
version = "1.6.1"
source = "registry+https://github.com/rust-lang/crates.io-index"
checksum = "e78d4f1cc4ae33bbfc157ed5d5a5ef3bc29227303d595861deb238fcec4e9457"

[[package]]
name = "elf_rs"
version = "0.2.0"
source = "registry+https://github.com/rust-lang/crates.io-index"
checksum = "1822fbb5193550bcbd7833ac15365da49917ad7ae396a07cb71443b38e398602"
dependencies = [
 "bitflags",
 "num-traits",
]

[[package]]
name = "embedded-graphics"
version = "0.7.1"
source = "registry+https://github.com/rust-lang/crates.io-index"
checksum = "750082c65094fbcc4baf9ba31583ce9a8bb7f52cadfb96f6164b1bc7f922f32b"
dependencies = [
 "az",
 "byteorder",
 "embedded-graphics-core",
 "float-cmp",
 "micromath",
]

[[package]]
name = "embedded-graphics-core"
version = "0.3.3"
source = "registry+https://github.com/rust-lang/crates.io-index"
checksum = "b8b1239db5f3eeb7e33e35bd10bd014e7b2537b17e071f726a09351431337cfa"
dependencies = [
 "az",
 "byteorder",
 "nalgebra",
]

[[package]]
name = "float-cmp"
version = "0.8.0"
source = "registry+https://github.com/rust-lang/crates.io-index"
checksum = "e1267f4ac4f343772758f7b1bdcbe767c218bbab93bb432acbf5162bbf85a6c4"
dependencies = [
 "num-traits",
]

[[package]]
name = "futures-core"
version = "0.3.21"
source = "registry+https://github.com/rust-lang/crates.io-index"
checksum = "0c09fd04b7e4073ac7156a9539b57a484a8ea920f79c7c675d05d289ab6110d3"

[[package]]
name = "futures-task"
version = "0.3.21"
source = "registry+https://github.com/rust-lang/crates.io-index"
checksum = "57c66a976bf5909d801bbef33416c41372779507e7a6b3a5e25e4749c58f776a"

[[package]]
name = "futures-util"
version = "0.3.21"
source = "registry+https://github.com/rust-lang/crates.io-index"
checksum = "d8b7abd5d659d9b90c8cba917f6ec750a74e2dc23902ef9cd4cc8c8b22e6036a"
dependencies = [
 "futures-core",
 "futures-task",
 "pin-project-lite",
 "pin-utils",
]

[[package]]
name = "generic-array"
version = "0.14.5"
source = "registry+https://github.com/rust-lang/crates.io-index"
checksum = "fd48d33ec7f05fbfa152300fdad764757cbded343c1aa1cff2fbaf4134851803"
dependencies = [
 "typenum",
 "version_check",
]

[[package]]
name = "goblin"
version = "0.4.3"
source = "registry+https://github.com/rust-lang/crates.io-index"
checksum = "32401e89c6446dcd28185931a01b1093726d0356820ac744023e6850689bf926"
dependencies = [
 "log",
 "plain",
 "scroll",
]

[[package]]
name = "itertools"
version = "0.9.0"
source = "registry+https://github.com/rust-lang/crates.io-index"
checksum = "284f18f85651fe11e8a991b2adb42cb078325c996ed026d994719efcfca1d54b"
dependencies = [
 "either",
]

[[package]]
name = "jobserver"
version = "0.1.24"
source = "registry+https://github.com/rust-lang/crates.io-index"
checksum = "af25a77299a7f711a01975c35a6a424eb6862092cc2d6c72c4ed6cbc56dfc1fa"
dependencies = [
 "libc 0.2.112",
]

[[package]]
name = "kernel"
version = "0.1.0"
dependencies = [
 "arrayvec",
 "bit_field",
 "bitflags",
 "boot_lib",
 "conquer-once",
 "crossbeam-queue",
 "embedded-graphics",
 "embedded-graphics-core",
 "futures-util",
 "lazy_static",
 "liballoc",
 "log",
 "memrange",
 "nasm-rs",
 "noto-sans-mono-bitmap",
 "pc-keyboard",
 "pic8259",
 "ps2",
 "raw-cpuid",
 "spin 0.9.2",
 "static_assertions",
 "theban_interval_tree",
 "uart_16550",
 "uefi",
 "x86_64",
]

[[package]]
name = "lazy_static"
version = "1.4.0"
source = "registry+https://github.com/rust-lang/crates.io-index"
checksum = "e2abad23fbc42b3700f2f279844dc832adb2b2eb069b2df918f455c4e18cc646"
dependencies = [
 "spin 0.5.2",
]

[[package]]
name = "liballoc"
version = "0.1.0"
dependencies = [
 "cc",
 "cty",
 "log",
 "printf-compat",
]

[[package]]
name = "libc"
version = "0.1.0"

[[package]]
name = "libc"
version = "0.2.112"
source = "registry+https://github.com/rust-lang/crates.io-index"
checksum = "1b03d17f364a3a042d5e5d46b053bbbf82c92c9430c592dd4c064dc6ee997125"

[[package]]
name = "lock_api"
version = "0.4.5"
source = "registry+https://github.com/rust-lang/crates.io-index"
checksum = "712a4d093c9976e24e7dbca41db895dabcbac38eb5f4045393d17a95bdfb1109"
dependencies = [
 "scopeguard",
]

[[package]]
name = "log"
version = "0.4.14"
source = "registry+https://github.com/rust-lang/crates.io-index"
checksum = "51b9bbe6c47d51fc3e1a9b945965946b4c44142ab8792c50835a980d362c2710"
dependencies = [
 "cfg-if",
]

[[package]]
name = "memchr"
version = "2.4.1"
source = "registry+https://github.com/rust-lang/crates.io-index"
checksum = "308cc39be01b73d0d18f82a0e7b2a3df85245f84af96fdddc5d202d27e47b86a"

[[package]]
name = "memrange"
version = "0.1.3"
source = "git+https://github.com/yakuri354/memrange.git#2ca8b149992874aa73bcf7da287e354ba719fff2"

[[package]]
name = "micromath"
version = "1.1.1"
source = "registry+https://github.com/rust-lang/crates.io-index"
checksum = "bc4010833aea396656c2f91ee704d51a6f1329ec2ab56ffd00bfd56f7481ea94"

[[package]]
name = "nalgebra"
version = "0.23.2"
source = "registry+https://github.com/rust-lang/crates.io-index"
checksum = "c9bd52e9c9922d5702d5c2a105ceacc3c1206e781d3d130f4d2b7ad5f43c144b"
dependencies = [
 "approx",
 "generic-array",
 "num-complex",
 "num-rational",
 "num-traits",
 "rand",
 "simba",
 "typenum",
]

[[package]]
name = "nasm-rs"
version = "0.2.4"
source = "registry+https://github.com/rust-lang/crates.io-index"
checksum = "ce095842aee9aa3ecbda7a5d2a4df680375fd128a8596b6b56f8e497e231f483"

[[package]]
name = "noto-sans-mono-bitmap"
version = "0.1.5"
source = "registry+https://github.com/rust-lang/crates.io-index"
checksum = "643bee6617a18c64f5a72ef358a9426d3682dc768db7c320825d3d936e2232d4"

[[package]]
name = "num-complex"
version = "0.3.1"
source = "registry+https://github.com/rust-lang/crates.io-index"
checksum = "747d632c0c558b87dbabbe6a82f3b4ae03720d0646ac5b7b4dae89394be5f2c5"
dependencies = [
 "num-traits",
]

[[package]]
name = "num-integer"
version = "0.1.44"
source = "registry+https://github.com/rust-lang/crates.io-index"
checksum = "d2cc698a63b549a70bc047073d2949cce27cd1c7b0a4a862d08a8031bc2801db"
dependencies = [
 "autocfg",
 "num-traits",
]

[[package]]
name = "num-rational"
version = "0.3.2"
source = "registry+https://github.com/rust-lang/crates.io-index"
checksum = "12ac428b1cb17fce6f731001d307d351ec70a6d202fc2e60f7d4c5e42d8f4f07"
dependencies = [
 "autocfg",
 "num-integer",
 "num-traits",
]

[[package]]
name = "num-traits"
version = "0.2.14"
source = "registry+https://github.com/rust-lang/crates.io-index"
checksum = "9a64b1ec5cda2586e284722486d802acf1f7dbdc623e2bfc57e65ca1cd099290"
dependencies = [
 "autocfg",
]

[[package]]
name = "paste"
version = "1.0.6"
source = "registry+https://github.com/rust-lang/crates.io-index"
checksum = "0744126afe1a6dd7f394cb50a716dbe086cb06e255e53d8d0185d82828358fb5"

[[package]]
name = "pc-keyboard"
version = "0.5.1"
source = "registry+https://github.com/rust-lang/crates.io-index"
checksum = "5c6f2d937e3b8d63449b01401e2bae4041bc9dd1129c2e3e0d239407cf6635ac"

[[package]]
name = "pic8259"
version = "0.10.2"
source = "registry+https://github.com/rust-lang/crates.io-index"
checksum = "24ec21f514e2e16e94649f1d041ca4a7069b512c037ac156360652a775e6229d"
dependencies = [
 "x86_64",
]

[[package]]
name = "pin-project-lite"
version = "0.2.8"
source = "registry+https://github.com/rust-lang/crates.io-index"
checksum = "e280fbe77cc62c91527259e9442153f4688736748d24660126286329742b4c6c"

[[package]]
name = "pin-utils"
version = "0.1.0"
source = "registry+https://github.com/rust-lang/crates.io-index"
checksum = "8b870d8c151b6f2fb93e84a13146138f05d02ed11c7e7c54f8826aaaf7c9f184"

[[package]]
name = "plain"
version = "0.2.3"
source = "registry+https://github.com/rust-lang/crates.io-index"
checksum = "b4596b6d070b27117e987119b4dac604f3c58cfb0b191112e24771b2faeac1a6"

[[package]]
name = "ppv-lite86"
version = "0.2.16"
source = "registry+https://github.com/rust-lang/crates.io-index"
checksum = "eb9f9e6e233e5c4a35559a617bf40a4ec447db2e84c20b55a6f83167b7e57872"

[[package]]
name = "printf-compat"
version = "0.1.1"
source = "registry+https://github.com/rust-lang/crates.io-index"
checksum = "3b002af28ffe3d3d67202ae717810a28125a494d5396debc43de01ee136ac404"
dependencies = [
 "bitflags",
 "cstr_core",
 "cty",
 "itertools",
]

[[package]]
name = "proc-macro2"
version = "1.0.36"
source = "registry+https://github.com/rust-lang/crates.io-index"
checksum = "c7342d5883fbccae1cc37a2353b09c87c9b0f3afd73f5fb9bba687a1f733b029"
dependencies = [
 "unicode-xid",
]

[[package]]
name = "ps2"
version = "0.2.0"
source = "registry+https://github.com/rust-lang/crates.io-index"
checksum = "dfef03bb1362e6a23a211efe8c72e2eeb6888f51fb329cdfa07bb470986ea7d0"
dependencies = [
 "bitflags",
 "x86_64",
]

[[package]]
name = "quote"
version = "1.0.14"
source = "registry+https://github.com/rust-lang/crates.io-index"
checksum = "47aa80447ce4daf1717500037052af176af5d38cc3e571d9ec1c7353fc10c87d"
dependencies = [
 "proc-macro2",
]

[[package]]
name = "rand"
version = "0.7.3"
source = "registry+https://github.com/rust-lang/crates.io-index"
checksum = "6a6b1679d49b24bbfe0c803429aa1874472f50d9b363131f0e89fc356b544d03"
dependencies = [
 "rand_chacha",
 "rand_core",
 "rand_hc",
]

[[package]]
name = "rand_chacha"
version = "0.2.2"
source = "registry+https://github.com/rust-lang/crates.io-index"
checksum = "f4c8ed856279c9737206bf725bf36935d8666ead7aa69b52be55af369d193402"
dependencies = [
 "ppv-lite86",
 "rand_core",
]

[[package]]
name = "rand_core"
version = "0.5.1"
source = "registry+https://github.com/rust-lang/crates.io-index"
checksum = "90bde5296fc891b0cef12a6d03ddccc162ce7b2aff54160af9338f8d40df6d19"

[[package]]
name = "rand_hc"
version = "0.2.0"
source = "registry+https://github.com/rust-lang/crates.io-index"
checksum = "ca3129af7b92a17112d59ad498c6f81eaf463253766b90396d39ea7a39d6613c"
dependencies = [
 "rand_core",
]

[[package]]
name = "raw-cpuid"
version = "10.2.0"
source = "registry+https://github.com/rust-lang/crates.io-index"
checksum = "929f54e29691d4e6a9cc558479de70db7aa3d98cd6fe7ab86d7507aa2886b9d2"
dependencies = [
 "bitflags",
]

[[package]]
name = "scopeguard"
version = "1.1.0"
source = "registry+https://github.com/rust-lang/crates.io-index"
checksum = "d29ab0c6d3fc0ee92fe66e2d99f700eab17a8d57d1c1d3b748380fb20baa78cd"

[[package]]
name = "scroll"
version = "0.10.2"
source = "registry+https://github.com/rust-lang/crates.io-index"
checksum = "fda28d4b4830b807a8b43f7b0e6b5df875311b3e7621d84577188c175b6ec1ec"
dependencies = [
 "scroll_derive",
]

[[package]]
name = "scroll_derive"
version = "0.10.5"
source = "registry+https://github.com/rust-lang/crates.io-index"
checksum = "aaaae8f38bb311444cfb7f1979af0bc9240d95795f75f9ceddf6a59b79ceffa0"
dependencies = [
 "proc-macro2",
 "quote",
 "syn",
]

[[package]]
name = "simba"
version = "0.3.1"
source = "registry+https://github.com/rust-lang/crates.io-index"
checksum = "17bfe642b1728a6e89137ad428ef5d4738eca4efaba9590f9e110b8944028621"
dependencies = [
 "approx",
 "num-complex",
 "num-traits",
 "paste",
]

[[package]]
name = "spin"
version = "0.5.2"
source = "registry+https://github.com/rust-lang/crates.io-index"
checksum = "6e63cff320ae2c57904679ba7cb63280a3dc4613885beafb148ee7bf9aa9042d"

[[package]]
name = "spin"
version = "0.9.2"
source = "registry+https://github.com/rust-lang/crates.io-index"
checksum = "511254be0c5bcf062b019a6c89c01a664aa359ded62f78aa72c6fc137c0590e5"
dependencies = [
 "lock_api",
]

[[package]]
name = "static_assertions"
version = "1.1.0"
source = "registry+https://github.com/rust-lang/crates.io-index"
checksum = "a2eb9349b6444b326872e140eb1cf5e7c522154d69e7a0ffb0fb81c06b37543f"

[[package]]
name = "syn"
version = "1.0.84"
source = "registry+https://github.com/rust-lang/crates.io-index"
checksum = "ecb2e6da8ee5eb9a61068762a32fa9619cc591ceb055b3687f4cd4051ec2e06b"
dependencies = [
 "proc-macro2",
 "quote",
 "unicode-xid",
]

[[package]]
name = "theban_interval_tree"
version = "0.7.1"
source = "git+https://github.com/yakuri354/interval-tree.git#8ed6528c6c296ad05aff4c93681ec166b515e74c"
dependencies = [
 "memrange",
]

[[package]]
name = "typenum"
version = "1.15.0"
source = "registry+https://github.com/rust-lang/crates.io-index"
checksum = "dcf81ac59edc17cc8697ff311e8f5ef2d99fcbd9817b34cec66f90b6c3dfd987"

[[package]]
name = "uart_16550"
version = "0.2.15"
source = "registry+https://github.com/rust-lang/crates.io-index"
checksum = "65ad019480ef5ff8ffe66d6f6a259cd87cf317649481394981db1739d844f374"
dependencies = [
 "bitflags",
 "x86_64",
]

[[package]]
name = "ucs2"
version = "0.3.2"
source = "registry+https://github.com/rust-lang/crates.io-index"
checksum = "bad643914094137d475641b6bab89462505316ec2ce70907ad20102d28a79ab8"
dependencies = [
 "bit_field",
]

[[package]]
name = "uefi"
version = "0.13.0"
source = "registry+https://github.com/rust-lang/crates.io-index"
checksum = "cd7363ecc1a80d6a7467b322bfb16e95ac5e19f0b71ba2af3e6592f101820113"
dependencies = [
 "bitflags",
 "log",
 "ucs2",
 "uefi-macros",
]

[[package]]
name = "uefi-macros"
version = "0.5.0"
source = "registry+https://github.com/rust-lang/crates.io-index"
checksum = "7006b85ae8acaf2b448c5f1630a434caaacaedcc0907f12404e4e31c9dafcdb3"
dependencies = [
 "proc-macro2",
 "quote",
 "syn",
]

[[package]]
name = "uefi-services"
version = "0.10.0"
source = "git+https://github.com/rust-osdev/uefi-rs.git#7682eba3a962fdeb637f421b5315d76bf2c180ae"
dependencies = [
 "cfg-if",
 "log",
 "uefi",
]

[[package]]
name = "unicode-xid"
version = "0.2.2"
source = "registry+https://github.com/rust-lang/crates.io-index"
checksum = "8ccb82d61f80a663efe1f787a51b16b5a51e3314d6ac365b08639f52387b33f3"

[[package]]
name = "version_check"
version = "0.9.4"
source = "registry+https://github.com/rust-lang/crates.io-index"
checksum = "49874b5167b65d7193b8aba1567f5c7d93d001cafc34600cee003eda787e483f"

[[package]]
name = "volatile"
version = "0.4.4"
source = "registry+https://github.com/rust-lang/crates.io-index"
checksum = "e4c2dbd44eb8b53973357e6e207e370f0c1059990df850aca1eca8947cf464f0"

[[package]]
name = "x86_64"
version = "0.14.7"
source = "registry+https://github.com/rust-lang/crates.io-index"
checksum = "fb611915c917c6296d11e23f71ff1ecfe49c5766daba92cd3df52df6b58285b6"
dependencies = [
 "bit_field",
 "bitflags",
 "volatile",
]
